
Microsoft Visual Studio Solution File, Format Version 12.00
# Visual Studio 15
VisualStudioVersion = 15.0.28307.757
MinimumVisualStudioVersion = 10.0.40219.1
Project("{FAE04EC0-301F-11D3-BF4B-00C04F79EFBC}") = "DigimonWorldTools_WindowsForms", "DigimonWorldTools_WindowsForms\DigimonWorldTools_WindowsForms.csproj", "{74F4BA8D-E512-4660-B04F-8452CE770224}"
EndProject
Project("{FAE04EC0-301F-11D3-BF4B-00C04F79EFBC}") = "DigimonWorldTools_Tests", "EvolutionToolTests\DigimonWorldTools_Tests.csproj", "{7E27FB26-993D-44EB-8554-CEF5F9ABE3EE}"
EndProject
Global
	GlobalSection(SolutionConfigurationPlatforms) = preSolution
		Debug|Any CPU = Debug|Any CPU
		Release|Any CPU = Release|Any CPU
	EndGlobalSection
	GlobalSection(ProjectConfigurationPlatforms) = postSolution
		{74F4BA8D-E512-4660-B04F-8452CE770224}.Debug|Any CPU.ActiveCfg = Debug|Any CPU
		{74F4BA8D-E512-4660-B04F-8452CE770224}.Debug|Any CPU.Build.0 = Debug|Any CPU
		{74F4BA8D-E512-4660-B04F-8452CE770224}.Release|Any CPU.ActiveCfg = Release|Any CPU
		{74F4BA8D-E512-4660-B04F-8452CE770224}.Release|Any CPU.Build.0 = Release|Any CPU
		{7E27FB26-993D-44EB-8554-CEF5F9ABE3EE}.Debug|Any CPU.ActiveCfg = Debug|Any CPU
		{7E27FB26-993D-44EB-8554-CEF5F9ABE3EE}.Debug|Any CPU.Build.0 = Debug|Any CPU
		{7E27FB26-993D-44EB-8554-CEF5F9ABE3EE}.Release|Any CPU.ActiveCfg = Release|Any CPU
		{7E27FB26-993D-44EB-8554-CEF5F9ABE3EE}.Release|Any CPU.Build.0 = Release|Any CPU
	EndGlobalSection
	GlobalSection(SolutionProperties) = preSolution
		HideSolutionNode = FALSE
	EndGlobalSection
	GlobalSection(ExtensibilityGlobals) = postSolution
		SolutionGuid = {1BE619C9-8218-40F9-87BC-77DA5256B15B}
	EndGlobalSection
EndGlobal
